
Microsoft Visual Studio Solution File, Format Version 12.00
# Visual Studio Version 16
VisualStudioVersion = 16.0.30804.86
MinimumVisualStudioVersion = 10.0.40219.1
Project("{9A19103F-16F7-4668-BE54-9A1E7A4F7556}") = "LandingLib", "Sources\LandingLib\LandingLib.csproj", "{EDE7C3B7-9698-4058-A0A7-F2B2B71A54A3}"
EndProject
Project("{2150E333-8FDC-42A3-9474-1A3956D46DE8}") = "Tests", "Tests", "{FDEB342F-E0BD-4483-A406-19A42EE8ED24}"
EndProject
Project("{FAE04EC0-301F-11D3-BF4B-00C04F79EFBC}") = "LandingLibTests", "Tests\LandingLibTests\LandingLibTests.csproj", "{19572847-A946-4A04-A8F0-EBAF6A899F47}"
EndProject
Global
	GlobalSection(SolutionConfigurationPlatforms) = preSolution
		Debug|Any CPU = Debug|Any CPU
		Release|Any CPU = Release|Any CPU
	EndGlobalSection
	GlobalSection(ProjectConfigurationPlatforms) = postSolution
		{EDE7C3B7-9698-4058-A0A7-F2B2B71A54A3}.Debug|Any CPU.ActiveCfg = Debug|Any CPU
		{EDE7C3B7-9698-4058-A0A7-F2B2B71A54A3}.Debug|Any CPU.Build.0 = Debug|Any CPU
		{EDE7C3B7-9698-4058-A0A7-F2B2B71A54A3}.Release|Any CPU.ActiveCfg = Release|Any CPU
		{EDE7C3B7-9698-4058-A0A7-F2B2B71A54A3}.Release|Any CPU.Build.0 = Release|Any CPU
		{19572847-A946-4A04-A8F0-EBAF6A899F47}.Debug|Any CPU.ActiveCfg = Debug|Any CPU
		{19572847-A946-4A04-A8F0-EBAF6A899F47}.Debug|Any CPU.Build.0 = Debug|Any CPU
		{19572847-A946-4A04-A8F0-EBAF6A899F47}.Release|Any CPU.ActiveCfg = Release|Any CPU
		{19572847-A946-4A04-A8F0-EBAF6A899F47}.Release|Any CPU.Build.0 = Release|Any CPU
	EndGlobalSection
	GlobalSection(SolutionProperties) = preSolution
		HideSolutionNode = FALSE
	EndGlobalSection
	GlobalSection(NestedProjects) = preSolution
		{19572847-A946-4A04-A8F0-EBAF6A899F47} = {FDEB342F-E0BD-4483-A406-19A42EE8ED24}
	EndGlobalSection
	GlobalSection(ExtensibilityGlobals) = postSolution
		SolutionGuid = {45328C2C-2C49-41C9-A491-028D4F711D59}
	EndGlobalSection
EndGlobal
